{
  "version": 4,
  "terraform_version": "1.3.8",
  "serial": 62,
  "lineage": "baa1b2f6-297f-6635-b38a-d467e62faffc",
  "outputs": {
    "key_data": {
      "value": "ssh-rsa AAAAB3NzaC1yc2EAAAADAQABAAABgQC6IXxWBz4bXFlAJ1okfXQt/iW50NRkAgKx+TfFVeSfC/c1buASLjtEgE7h3In8MNDgJ0qeBLW5/Ziddk1rm+4yefZcN0rHpc6BkolbZb3w8S5xqEQHobFFLWRfYvr3txCE0wC/DYxMK1omCkh+JeMAGEXoZFLc8XYP7EX5eqx4dP/VsqHZ9bN4hmKhtD6BOOE3BTNaFc38HrNJDfUQFlaLCXhApAQ9n9CJLzqhVE5cPyhc2nOp+LSlszEAY1/vUfLIKxY3985CvLzel4k+5+vbAGSMn6geOt0o/KanllxeH76/4UjpV6UPqd6qPLgdwSEL1jiRbEtc9ULqYObj4NB/c7iHlae7xNhRzIrh7LENqvkH6G3KRq7JlpZkCkDpRDGMF5YVB+x1Rfhh4j9yI/qWagBvCt1CwixVFxkO946LdAGWcZnR4FhRjI9FriqSfnxaCuYEaUnfDvpJb1Px0eePKzP+HXqGXDmtzmzD5Hwc7cEU5Wjq6h/5QXFA46lPSmU= generated-by-azure",
      "type": "string"
    },
    "public_ip_address": {
      "value": "138.91.168.202",
      "type": "string"
    },
    "resource_group_name": {
      "value": "rg-fair-polecat",
      "type": "string"
    }
  },
  "resources": [
    {
      "mode": "managed",
      "type": "azapi_resource",
      "name": "ssh_public_key",
      "provider": "provider[\"registry.terraform.io/azure/azapi\"]",
      "instances": [
        {
          "schema_version": 0,
          "attributes": {
            "body": "{}",
            "id": "/subscriptions/daf19874-6c30-440f-9cf1-34f56ec318be/resourceGroups/rg-fair-polecat/providers/Microsoft.Compute/sshPublicKeys/sshgenerousdragon",
            "identity": [],
            "ignore_body_changes": null,
            "ignore_casing": false,
            "ignore_missing_property": true,
            "location": "westus",
            "locks": null,
            "name": "sshgenerousdragon",
            "output": "{}",
            "parent_id": "/subscriptions/daf19874-6c30-440f-9cf1-34f56ec318be/resourceGroups/rg-fair-polecat",
            "removing_special_chars": false,
            "response_export_values": null,
            "schema_validation_enabled": true,
            "tags": {},
            "timeouts": null,
            "type": "Microsoft.Compute/sshPublicKeys@2022-11-01"
          },
          "sensitive_attributes": [],
          "private": "eyJlMmJmYjczMC1lY2FhLTExZTYtOGY4OC0zNDM2M2JjN2M0YzAiOnsiY3JlYXRlIjoxODAwMDAwMDAwMDAwLCJkZWxldGUiOjE4MDAwMDAwMDAwMDAsInJlYWQiOjMwMDAwMDAwMDAwMCwidXBkYXRlIjoxODAwMDAwMDAwMDAwfX0=",
          "dependencies": [
            "azurerm_resource_group.rg",
            "random_pet.rg_name",
            "random_pet.ssh_key_name"
          ]
        }
      ]
    },
    {
      "mode": "managed",
      "type": "azapi_resource_action",
      "name": "ssh_public_key_gen",
      "provider": "provider[\"registry.terraform.io/azure/azapi\"]",
      "instances": [
        {
          "schema_version": 0,
          "attributes": {
            "action": "generateKeyPair",
            "body": null,
            "id": "/subscriptions/daf19874-6c30-440f-9cf1-34f56ec318be/resourceGroups/rg-fair-polecat/providers/Microsoft.Compute/sshPublicKeys/sshgenerousdragon/generateKeyPair",
            "locks": null,
            "method": "POST",
            "output": "{\"privateKey\":\"-----BEGIN RSA PRIVATE KEY-----\\r\\nMIIG4wIBAAKCAYEAuiF8Vgc+G1xZQCdaJH10Lf4ludDUZAICsfk3xVXknwv3NW7g\\r\\nEi47RIBO4dyJ/DDQ4CdKngS1uf2YnXZNa5vuMnn2XDdKx6XOgZKJW2W98PEucahE\\r\\nB6GxRS1kX2L697cQhNMAvw2MTCtaJgpIfiXjABhF6GRS3PF2D+xF+XqseHT/1bKh\\r\\n2fWzeIZiobQ+gTjhNwUzWhXN/B6zSQ31EBZWiwl4QKQEPZ/QiS86oVROXD8oXNpz\\r\\nqfi0pbMxAGNf71HyyCsWN/fOQry83peJPufr2wBkjJ+oHjrdKPymp5ZcXh++v+FI\\r\\n6VelD6neqjy4HcEhC9Y4kWxLXPVC6mDm4+DQf3O4h5Wnu8TYUcyK4eyxDar5B+ht\\r\\nykauyZaWZApA6UQxjBeWFQfsdUX4YeI/ciP6lmoAbwrdQsIsVRcZDveOi3QBlnGZ\\r\\n0eBYUYyPRa4qkn58WgrmBGlJ3w76SW9T8dHnjysz/h16hlw5rc5sw+R8HO3BFOVo\\r\\n6uof+UFxQOOpT0plAgMBAAECggGBAKi89LA07qv1Q4AybLkJ9oo/jcnvtKxZWkIo\\r\\nMdQ3MwSw31LUilRRDy/htiFyQrGbO7EKTc4FbQ4JBhMyDavRd9bQ1HPzOFrYSOcU\\r\\nhmuSR+inbThimBHnFwMkzIrg+64YiuQvOcz6JkdjQd2cku2xwSHz32R3lttwF10G\\r\\nEMXD3ZlyUABWaf5jjWllQwNfmQ6jFyE/GLfBbrTyzAwdmB4Wciyn0Bmh16paOL41\\r\\nT8yz1jowk5HiBNuBeZuCYJj+fhlCyu3me6GhwmIQ6fwH4kxQkKWfquiC92esp8l+\\r\\ndP2OMcWNM9HzQLPtGA0fNOEAJPyN7GsUBP7CZf3cdygU9bbrOirrqz/qvzF4Q554\\r\\nWnSMLTzZdU7inVjQ8XEb7xzePqWXewlJJanwpbh9nSV9f31GvPevAn6Wo9myTd+X\\r\\n5NusMB4ayoI3TXZemTEUWfl7Ag8Sqbp2hhp6videuxIqdz2HIampEnXCbAcoj9P/\\r\\nQAJrAh4euWzzVUrKnUUpah8BvroqnQKBwQDGPAwFQg9HbctIcYSjwWma+OAT0ReM\\r\\nqEoBIe+hARXz0vM98ZCiBrP34eCkfAtsSwCmtfq4ZnYxp0rz6QVOD86EqxpYqeFv\\r\\nVLxfiEoLWjvmTAQemyUbZtql02WZuas68z1XcLQ6C2wK38io2x1Gtmnz1inbmJdM\\r\\nyac/DV3RSDtypMSmM1y0PO+05MHLl+Qhcs7LpPOUFuYbzIVqFDiZ8R6+BUsSQrrA\\r\\neU4/yCVQ+g3f3Coq9AwnrUHe05DMKC7y2zMCgcEA8F6FCavJzC1dZdR3w0Qh0WCi\\r\\ncGEe+yWkOxwDVtWH9k1kbDPQSnZmANKdD2d/0Fa9v7VaM2PW3Z+Hu5v6IPhWmZTo\\r\\nMYGdBxtluR+Gc7DHnJFfn0OE5aNhDQTVo1Xs57RyOyhMRARObasJ5A/EuIytjLx2\\r\\nA0BHy4CbcwX8L3T5tqV3NxkjCTA6JIcK3YsVwYBJ10kAkllpDJZt42mYeucig73C\\r\\nxHWeIJE7qo8O7EK805tPXOqIJcs437OKY8gxx4QHAoHAMEKgHouVkqstKUbRpthI\\r\\ncH0UeF6YIBs8YQg1AXp1MLXzl+n+byO4nqlz+jdkxImB8BQvpML1FWOIANeC/h0l\\r\\nBvFs6Zb6FhOIBK32cMsX+BobiqP0pbYlludfPcyQ3jonfeknR1ZOiFswy8MEXpm8\\r\\nM6u45whAFWame9gyNegi6OcqJNguQobvSJfEgl9JH8eGhtdyoWPtw2jINioUGY41\\r\\nEMfTHe/27TLbFPYR96PYyt4bufdOGj644ZmaD8ncnC03AoHAPvHhkNjFrYwrqyDq\\r\\ng93xpSzTHO6x+D6xNTFuxmyAgEVgCN3Aq985cvm0W3ZVCC/O3McW6eI5QCwolT6R\\r\\nT9T4iJtv+pbgkh3gk4vn35/phdyj18cMpD4Wihw7/dvggATG7SruXdlq2Fkz698d\\r\\nOt7MC9DGbq+EnYv+KS7mDV9qjSPjhjA09pEEiNA8Tiu/9L4tmAzr82cqlTtHZ4gd\\r\\ngAHLDgjBWkUatZiSsWVpGQGZBSjkrYZVROBk8l/H271vG7o9AoHAPJuhEQot/I5N\\r\\nqDByX79WjevqGsb1HsmHclJJvSjJzAhhuNHLPaRuqqHRujW+QRA7s0AtD+vXUugC\\r\\nRAeIkc9X7liSOCiTSQM7WIAMe6KtR8k7H4tiBvC25NvHVZ/T0ykZcyOvqU3zicD2\\r\\nvytVtYM4SgehzPW9rpnc0nK7Zp7Ko3EOl+QVcK/p7zQY6RDYjwAObXMrSSIlVYmH\\r\\nlT5qIW7DllLJhp+IcGxO48H0I0lHYthl//8Aco8i9gWIKIXogITI\\r\\n-----END RSA PRIVATE KEY-----\\r\\n\",\"publicKey\":\"ssh-rsa AAAAB3NzaC1yc2EAAAADAQABAAABgQC6IXxWBz4bXFlAJ1okfXQt/iW50NRkAgKx+TfFVeSfC/c1buASLjtEgE7h3In8MNDgJ0qeBLW5/Ziddk1rm+4yefZcN0rHpc6BkolbZb3w8S5xqEQHobFFLWRfYvr3txCE0wC/DYxMK1omCkh+JeMAGEXoZFLc8XYP7EX5eqx4dP/VsqHZ9bN4hmKhtD6BOOE3BTNaFc38HrNJDfUQFlaLCXhApAQ9n9CJLzqhVE5cPyhc2nOp+LSlszEAY1/vUfLIKxY3985CvLzel4k+5+vbAGSMn6geOt0o/KanllxeH76/4UjpV6UPqd6qPLgdwSEL1jiRbEtc9ULqYObj4NB/c7iHlae7xNhRzIrh7LENqvkH6G3KRq7JlpZkCkDpRDGMF5YVB+x1Rfhh4j9yI/qWagBvCt1CwixVFxkO946LdAGWcZnR4FhRjI9FriqSfnxaCuYEaUnfDvpJb1Px0eePKzP+HXqGXDmtzmzD5Hwc7cEU5Wjq6h/5QXFA46lPSmU= generated-by-azure\"}",
            "resource_id": "/subscriptions/daf19874-6c30-440f-9cf1-34f56ec318be/resourceGroups/rg-fair-polecat/providers/Microsoft.Compute/sshPublicKeys/sshgenerousdragon",
            "response_export_values": [
              "publicKey",
              "privateKey"
            ],
            "timeouts": null,
            "type": "Microsoft.Compute/sshPublicKeys@2022-11-01"
          },
          "sensitive_attributes": [],
          "private": "eyJlMmJmYjczMC1lY2FhLTExZTYtOGY4OC0zNDM2M2JjN2M0YzAiOnsiY3JlYXRlIjoxODAwMDAwMDAwMDAwLCJkZWxldGUiOjE4MDAwMDAwMDAwMDAsInJlYWQiOjMwMDAwMDAwMDAwMCwidXBkYXRlIjoxODAwMDAwMDAwMDAwfX0=",
          "dependencies": [
            "azapi_resource.ssh_public_key",
            "azurerm_resource_group.rg",
            "random_pet.rg_name",
            "random_pet.ssh_key_name"
          ]
        }
      ]
    },
    {
      "mode": "managed",
      "type": "azurerm_linux_virtual_machine",
      "name": "my_terraform_vm",
      "provider": "provider[\"registry.terraform.io/hashicorp/azurerm\"]",
      "instances": [
        {
          "schema_version": 0,
          "attributes": {
            "additional_capabilities": [],
            "admin_password": null,
            "admin_ssh_key": [
              {
                "public_key": "ssh-rsa AAAAB3NzaC1yc2EAAAADAQABAAABgQC6IXxWBz4bXFlAJ1okfXQt/iW50NRkAgKx+TfFVeSfC/c1buASLjtEgE7h3In8MNDgJ0qeBLW5/Ziddk1rm+4yefZcN0rHpc6BkolbZb3w8S5xqEQHobFFLWRfYvr3txCE0wC/DYxMK1omCkh+JeMAGEXoZFLc8XYP7EX5eqx4dP/VsqHZ9bN4hmKhtD6BOOE3BTNaFc38HrNJDfUQFlaLCXhApAQ9n9CJLzqhVE5cPyhc2nOp+LSlszEAY1/vUfLIKxY3985CvLzel4k+5+vbAGSMn6geOt0o/KanllxeH76/4UjpV6UPqd6qPLgdwSEL1jiRbEtc9ULqYObj4NB/c7iHlae7xNhRzIrh7LENqvkH6G3KRq7JlpZkCkDpRDGMF5YVB+x1Rfhh4j9yI/qWagBvCt1CwixVFxkO946LdAGWcZnR4FhRjI9FriqSfnxaCuYEaUnfDvpJb1Px0eePKzP+HXqGXDmtzmzD5Hwc7cEU5Wjq6h/5QXFA46lPSmU= generated-by-azure",
                "username": "azureadmin"
              }
            ],
            "admin_username": "azureadmin",
            "allow_extension_operations": true,
            "availability_set_id": "",
            "boot_diagnostics": [
              {
                "storage_account_uri": "https://diag4e4f3cc80c1e85f3.blob.core.windows.net/"
              }
            ],
            "computer_name": "hostname",
            "custom_data": null,
            "dedicated_host_group_id": "",
            "dedicated_host_id": "",
            "disable_password_authentication": true,
            "encryption_at_host_enabled": false,
            "eviction_policy": "",
            "extensions_time_budget": "PT1H30M",
            "id": "/subscriptions/daf19874-6c30-440f-9cf1-34f56ec318be/resourceGroups/rg-fair-polecat/providers/Microsoft.Compute/virtualMachines/myVM",
            "identity": [],
            "license_type": "",
            "location": "westus",
            "max_bid_price": -1,
            "name": "myVM",
            "network_interface_ids": [
              "/subscriptions/daf19874-6c30-440f-9cf1-34f56ec318be/resourceGroups/rg-fair-polecat/providers/Microsoft.Network/networkInterfaces/myNIC"
            ],
            "os_disk": [
              {
                "caching": "ReadWrite",
                "diff_disk_settings": [],
                "disk_encryption_set_id": "",
                "disk_size_gb": 30,
                "name": "myOsDisk",
                "storage_account_type": "Premium_LRS",
                "write_accelerator_enabled": false
              }
            ],
            "patch_mode": "ImageDefault",
            "plan": [],
            "platform_fault_domain": -1,
            "priority": "Regular",
            "private_ip_address": "10.0.1.4",
            "private_ip_addresses": [
              "10.0.1.4"
            ],
            "provision_vm_agent": true,
            "proximity_placement_group_id": "",
            "public_ip_address": "138.91.168.202",
            "public_ip_addresses": [
              "138.91.168.202"
            ],
            "resource_group_name": "rg-fair-polecat",
            "secret": [],
            "secure_boot_enabled": false,
            "size": "Standard_DS1_v2",
            "source_image_id": "",
            "source_image_reference": [
              {
                "offer": "0001-com-ubuntu-server-jammy",
                "publisher": "Canonical",
                "sku": "22_04-lts-gen2",
                "version": "latest"
              }
            ],
            "tags": null,
            "timeouts": null,
            "user_data": "",
            "virtual_machine_id": "6f7be3e4-65ae-4a2f-9d1b-201be1031fbf",
            "virtual_machine_scale_set_id": "",
            "vtpm_enabled": false,
            "zone": ""
          },
          "sensitive_attributes": [],
          "private": "eyJlMmJmYjczMC1lY2FhLTExZTYtOGY4OC0zNDM2M2JjN2M0YzAiOnsiY3JlYXRlIjoyNzAwMDAwMDAwMDAwLCJkZWxldGUiOjI3MDAwMDAwMDAwMDAsInJlYWQiOjMwMDAwMDAwMDAwMCwidXBkYXRlIjoyNzAwMDAwMDAwMDAwfX0=",
          "dependencies": [
            "azapi_resource.ssh_public_key",
            "azapi_resource_action.ssh_public_key_gen",
            "azurerm_network_interface.my_terraform_nic",
            "azurerm_public_ip.my_terraform_public_ip",
            "azurerm_resource_group.rg",
            "azurerm_storage_account.my_storage_account",
            "azurerm_subnet.my_terraform_subnet",
            "azurerm_virtual_network.my_terraform_network",
            "random_id.random_id",
            "random_pet.rg_name",
            "random_pet.ssh_key_name"
          ]
        }
      ]
    },
    {
      "mode": "managed",
      "type": "azurerm_network_interface",
      "name": "my_terraform_nic",
      "provider": "provider[\"registry.terraform.io/hashicorp/azurerm\"]",
      "instances": [
        {
          "schema_version": 0,
          "attributes": {
            "applied_dns_servers": [],
            "dns_servers": [],
            "enable_accelerated_networking": false,
            "enable_ip_forwarding": false,
            "id": "/subscriptions/daf19874-6c30-440f-9cf1-34f56ec318be/resourceGroups/rg-fair-polecat/providers/Microsoft.Network/networkInterfaces/myNIC",
            "internal_dns_name_label": "",
            "internal_domain_name_suffix": "m1w1nxrot3iezkwgpsm52pwafa.dx.internal.cloudapp.net",
            "ip_configuration": [
              {
                "gateway_load_balancer_frontend_ip_configuration_id": "",
                "name": "my_nic_configuration",
                "primary": true,
                "private_ip_address": "10.0.1.4",
                "private_ip_address_allocation": "Dynamic",
                "private_ip_address_version": "IPv4",
                "public_ip_address_id": "/subscriptions/daf19874-6c30-440f-9cf1-34f56ec318be/resourceGroups/rg-fair-polecat/providers/Microsoft.Network/publicIPAddresses/myPublicIP",
                "subnet_id": "/subscriptions/daf19874-6c30-440f-9cf1-34f56ec318be/resourceGroups/rg-fair-polecat/providers/Microsoft.Network/virtualNetworks/myVnet/subnets/mySubnet"
              }
            ],
            "location": "westus",
            "mac_address": "",
            "name": "myNIC",
            "private_ip_address": "10.0.1.4",
            "private_ip_addresses": [
              "10.0.1.4"
            ],
            "resource_group_name": "rg-fair-polecat",
            "tags": null,
            "timeouts": null,
            "virtual_machine_id": ""
          },
          "sensitive_attributes": [],
          "private": "eyJlMmJmYjczMC1lY2FhLTExZTYtOGY4OC0zNDM2M2JjN2M0YzAiOnsiY3JlYXRlIjoxODAwMDAwMDAwMDAwLCJkZWxldGUiOjE4MDAwMDAwMDAwMDAsInJlYWQiOjMwMDAwMDAwMDAwMCwidXBkYXRlIjoxODAwMDAwMDAwMDAwfX0=",
          "dependencies": [
            "azurerm_public_ip.my_terraform_public_ip",
            "azurerm_resource_group.rg",
            "azurerm_subnet.my_terraform_subnet",
            "azurerm_virtual_network.my_terraform_network",
            "random_pet.rg_name"
          ]
        }
      ]
    },
    {
      "mode": "managed",
      "type": "azurerm_network_interface_security_group_association",
      "name": "example",
      "provider": "provider[\"registry.terraform.io/hashicorp/azurerm\"]",
      "instances": [
        {
          "schema_version": 0,
          "attributes": {
            "id": "/subscriptions/daf19874-6c30-440f-9cf1-34f56ec318be/resourceGroups/rg-fair-polecat/providers/Microsoft.Network/networkInterfaces/myNIC|/subscriptions/daf19874-6c30-440f-9cf1-34f56ec318be/resourceGroups/rg-fair-polecat/providers/Microsoft.Network/networkSecurityGroups/myNetworkSecurityGroup",
            "network_interface_id": "/subscriptions/daf19874-6c30-440f-9cf1-34f56ec318be/resourceGroups/rg-fair-polecat/providers/Microsoft.Network/networkInterfaces/myNIC",
            "network_security_group_id": "/subscriptions/daf19874-6c30-440f-9cf1-34f56ec318be/resourceGroups/rg-fair-polecat/providers/Microsoft.Network/networkSecurityGroups/myNetworkSecurityGroup",
            "timeouts": null
          },
          "sensitive_attributes": [],
          "private": "eyJlMmJmYjczMC1lY2FhLTExZTYtOGY4OC0zNDM2M2JjN2M0YzAiOnsiY3JlYXRlIjoxODAwMDAwMDAwMDAwLCJkZWxldGUiOjE4MDAwMDAwMDAwMDAsInJlYWQiOjMwMDAwMDAwMDAwMCwidXBkYXRlIjoxODAwMDAwMDAwMDAwfX0=",
          "dependencies": [
            "azurerm_network_interface.my_terraform_nic",
            "azurerm_network_security_group.my_terraform_nsg",
            "azurerm_public_ip.my_terraform_public_ip",
            "azurerm_resource_group.rg",
            "azurerm_subnet.my_terraform_subnet",
            "azurerm_virtual_network.my_terraform_network",
            "random_pet.rg_name"
          ]
        }
      ]
    },
    {
      "mode": "managed",
      "type": "azurerm_network_security_group",
      "name": "my_terraform_nsg",
      "provider": "provider[\"registry.terraform.io/hashicorp/azurerm\"]",
      "instances": [
        {
          "schema_version": 0,
          "attributes": {
            "id": "/subscriptions/daf19874-6c30-440f-9cf1-34f56ec318be/resourceGroups/rg-fair-polecat/providers/Microsoft.Network/networkSecurityGroups/myNetworkSecurityGroup",
            "location": "westus",
            "name": "myNetworkSecurityGroup",
            "resource_group_name": "rg-fair-polecat",
            "security_rule": [
              {
                "access": "Allow",
                "description": "",
                "destination_address_prefix": "*",
                "destination_address_prefixes": [],
                "destination_application_security_group_ids": [],
                "destination_port_range": "22",
                "destination_port_ranges": [],
                "direction": "Inbound",
                "name": "SSH",
                "priority": 1001,
                "protocol": "Tcp",
                "source_address_prefix": "*",
                "source_address_prefixes": [],
                "source_application_security_group_ids": [],
                "source_port_range": "*",
                "source_port_ranges": []
              }
            ],
            "tags": null,
            "timeouts": null
          },
          "sensitive_attributes": [],
          "private": "eyJlMmJmYjczMC1lY2FhLTExZTYtOGY4OC0zNDM2M2JjN2M0YzAiOnsiY3JlYXRlIjoxODAwMDAwMDAwMDAwLCJkZWxldGUiOjE4MDAwMDAwMDAwMDAsInJlYWQiOjMwMDAwMDAwMDAwMCwidXBkYXRlIjoxODAwMDAwMDAwMDAwfX0=",
          "dependencies": [
            "azurerm_resource_group.rg",
            "random_pet.rg_name"
          ]
        }
      ]
    },
    {
      "mode": "managed",
      "type": "azurerm_public_ip",
      "name": "my_terraform_public_ip",
      "provider": "provider[\"registry.terraform.io/hashicorp/azurerm\"]",
      "instances": [
        {
          "schema_version": 0,
          "attributes": {
            "allocation_method": "Dynamic",
            "availability_zone": "No-Zone",
            "domain_name_label": null,
            "fqdn": null,
            "id": "/subscriptions/daf19874-6c30-440f-9cf1-34f56ec318be/resourceGroups/rg-fair-polecat/providers/Microsoft.Network/publicIPAddresses/myPublicIP",
            "idle_timeout_in_minutes": 4,
            "ip_address": "",
            "ip_tags": null,
            "ip_version": "IPv4",
            "location": "westus",
            "name": "myPublicIP",
            "public_ip_prefix_id": null,
            "resource_group_name": "rg-fair-polecat",
            "reverse_fqdn": null,
            "sku": "Basic",
            "sku_tier": "Regional",
            "tags": null,
            "timeouts": null,
            "zones": []
          },
          "sensitive_attributes": [],
          "private": "eyJlMmJmYjczMC1lY2FhLTExZTYtOGY4OC0zNDM2M2JjN2M0YzAiOnsiY3JlYXRlIjoxODAwMDAwMDAwMDAwLCJkZWxldGUiOjE4MDAwMDAwMDAwMDAsInJlYWQiOjMwMDAwMDAwMDAwMCwidXBkYXRlIjoxODAwMDAwMDAwMDAwfX0=",
          "dependencies": [
            "azurerm_resource_group.rg",
            "random_pet.rg_name"
          ]
        }
      ]
    },
    {
      "mode": "managed",
      "type": "azurerm_resource_group",
      "name": "rg",
      "provider": "provider[\"registry.terraform.io/hashicorp/azurerm\"]",
      "instances": [
        {
          "schema_version": 0,
          "attributes": {
            "id": "/subscriptions/daf19874-6c30-440f-9cf1-34f56ec318be/resourceGroups/rg-fair-polecat",
            "location": "westus",
            "name": "rg-fair-polecat",
            "tags": null,
            "timeouts": null
          },
          "sensitive_attributes": [],
          "private": "eyJlMmJmYjczMC1lY2FhLTExZTYtOGY4OC0zNDM2M2JjN2M0YzAiOnsiY3JlYXRlIjo1NDAwMDAwMDAwMDAwLCJkZWxldGUiOjU0MDAwMDAwMDAwMDAsInJlYWQiOjMwMDAwMDAwMDAwMCwidXBkYXRlIjo1NDAwMDAwMDAwMDAwfX0=",
          "dependencies": [
            "random_pet.rg_name"
          ]
        }
      ]
    },
    {
      "mode": "managed",
      "type": "azurerm_storage_account",
      "name": "my_storage_account",
      "provider": "provider[\"registry.terraform.io/hashicorp/azurerm\"]",
      "instances": [
        {
          "schema_version": 2,
          "attributes": {
            "access_tier": "Hot",
            "account_kind": "StorageV2",
            "account_replication_type": "LRS",
            "account_tier": "Standard",
            "allow_blob_public_access": false,
            "azure_files_authentication": [],
            "blob_properties": [
              {
                "change_feed_enabled": false,
                "container_delete_retention_policy": [],
                "cors_rule": [],
                "default_service_version": "",
                "delete_retention_policy": [],
                "last_access_time_enabled": false,
                "versioning_enabled": false
              }
            ],
            "custom_domain": [],
            "customer_managed_key": [],
            "enable_https_traffic_only": true,
            "id": "/subscriptions/daf19874-6c30-440f-9cf1-34f56ec318be/resourceGroups/rg-fair-polecat/providers/Microsoft.Storage/storageAccounts/diag4e4f3cc80c1e85f3",
            "identity": [],
            "infrastructure_encryption_enabled": false,
            "is_hns_enabled": false,
            "large_file_share_enabled": null,
            "location": "westus",
            "min_tls_version": "TLS1_0",
            "name": "diag4e4f3cc80c1e85f3",
            "network_rules": [
              {
                "bypass": [
                  "AzureServices"
                ],
                "default_action": "Allow",
                "ip_rules": [],
                "private_link_access": [],
                "virtual_network_subnet_ids": []
              }
            ],
            "nfsv3_enabled": false,
            "primary_access_key": "RgL+xKiQ7lP0LNer6sIJUvQ7Wl9Zt5NcBVgU2zrCDPJA+Y0lp1QE22J4RhM0lt7cwwqd8MfP/UjG+AStVcGSdQ==",
            "primary_blob_connection_string": "DefaultEndpointsProtocol=https;BlobEndpoint=https://diag4e4f3cc80c1e85f3.blob.core.windows.net/;AccountName=diag4e4f3cc80c1e85f3;AccountKey=RgL+xKiQ7lP0LNer6sIJUvQ7Wl9Zt5NcBVgU2zrCDPJA+Y0lp1QE22J4RhM0lt7cwwqd8MfP/UjG+AStVcGSdQ==",
            "primary_blob_endpoint": "https://diag4e4f3cc80c1e85f3.blob.core.windows.net/",
            "primary_blob_host": "diag4e4f3cc80c1e85f3.blob.core.windows.net",
            "primary_connection_string": "DefaultEndpointsProtocol=https;AccountName=diag4e4f3cc80c1e85f3;AccountKey=RgL+xKiQ7lP0LNer6sIJUvQ7Wl9Zt5NcBVgU2zrCDPJA+Y0lp1QE22J4RhM0lt7cwwqd8MfP/UjG+AStVcGSdQ==;EndpointSuffix=core.windows.net",
            "primary_dfs_endpoint": "https://diag4e4f3cc80c1e85f3.dfs.core.windows.net/",
            "primary_dfs_host": "diag4e4f3cc80c1e85f3.dfs.core.windows.net",
            "primary_file_endpoint": "https://diag4e4f3cc80c1e85f3.file.core.windows.net/",
            "primary_file_host": "diag4e4f3cc80c1e85f3.file.core.windows.net",
            "primary_location": "westus",
            "primary_queue_endpoint": "https://diag4e4f3cc80c1e85f3.queue.core.windows.net/",
            "primary_queue_host": "diag4e4f3cc80c1e85f3.queue.core.windows.net",
            "primary_table_endpoint": "https://diag4e4f3cc80c1e85f3.table.core.windows.net/",
            "primary_table_host": "diag4e4f3cc80c1e85f3.table.core.windows.net",
            "primary_web_endpoint": "https://diag4e4f3cc80c1e85f3.z22.web.core.windows.net/",
            "primary_web_host": "diag4e4f3cc80c1e85f3.z22.web.core.windows.net",
            "queue_encryption_key_type": "Service",
            "queue_properties": [
              {
                "cors_rule": [],
                "hour_metrics": [
                  {
                    "enabled": true,
                    "include_apis": true,
                    "retention_policy_days": 7,
                    "version": "1.0"
                  }
                ],
                "logging": [
                  {
                    "delete": false,
                    "read": false,
                    "retention_policy_days": 0,
                    "version": "1.0",
                    "write": false
                  }
                ],
                "minute_metrics": [
                  {
                    "enabled": false,
                    "include_apis": false,
                    "retention_policy_days": 0,
                    "version": "1.0"
                  }
                ]
              }
            ],
            "resource_group_name": "rg-fair-polecat",
            "routing": [],
            "secondary_access_key": "y59oC3oKGyENejv0paglYaBoMbYEA5+FNpRz5xzw8SwH9k9EblHWetJz8NgJSRxTl77QaXy4BBjz+AStYIfRVw==",
            "secondary_blob_connection_string": "",
            "secondary_blob_endpoint": null,
            "secondary_blob_host": null,
            "secondary_connection_string": "DefaultEndpointsProtocol=https;AccountName=diag4e4f3cc80c1e85f3;AccountKey=y59oC3oKGyENejv0paglYaBoMbYEA5+FNpRz5xzw8SwH9k9EblHWetJz8NgJSRxTl77QaXy4BBjz+AStYIfRVw==;EndpointSuffix=core.windows.net",
            "secondary_dfs_endpoint": null,
            "secondary_dfs_host": null,
            "secondary_file_endpoint": null,
            "secondary_file_host": null,
            "secondary_location": "",
            "secondary_queue_endpoint": null,
            "secondary_queue_host": null,
            "secondary_table_endpoint": null,
            "secondary_table_host": null,
            "secondary_web_endpoint": null,
            "secondary_web_host": null,
            "share_properties": [
              {
                "cors_rule": [],
                "retention_policy": [
                  {
                    "days": 7
                  }
                ],
                "smb": []
              }
            ],
            "shared_access_key_enabled": true,
            "static_website": [],
            "table_encryption_key_type": "Service",
            "tags": null,
            "timeouts": null
          },
          "sensitive_attributes": [],
          "private": "eyJlMmJmYjczMC1lY2FhLTExZTYtOGY4OC0zNDM2M2JjN2M0YzAiOnsiY3JlYXRlIjozNjAwMDAwMDAwMDAwLCJkZWxldGUiOjM2MDAwMDAwMDAwMDAsInJlYWQiOjMwMDAwMDAwMDAwMCwidXBkYXRlIjozNjAwMDAwMDAwMDAwfSwic2NoZW1hX3ZlcnNpb24iOiIyIn0=",
          "dependencies": [
            "azurerm_resource_group.rg",
            "random_id.random_id",
            "random_pet.rg_name"
          ]
        }
      ]
    },
    {
      "mode": "managed",
      "type": "azurerm_subnet",
      "name": "my_terraform_subnet",
      "provider": "provider[\"registry.terraform.io/hashicorp/azurerm\"]",
      "instances": [
        {
          "schema_version": 0,
          "attributes": {
            "address_prefix": "10.0.1.0/24",
            "address_prefixes": [
              "10.0.1.0/24"
            ],
            "delegation": [],
            "enforce_private_link_endpoint_network_policies": false,
            "enforce_private_link_service_network_policies": false,
            "id": "/subscriptions/daf19874-6c30-440f-9cf1-34f56ec318be/resourceGroups/rg-fair-polecat/providers/Microsoft.Network/virtualNetworks/myVnet/subnets/mySubnet",
            "name": "mySubnet",
            "resource_group_name": "rg-fair-polecat",
            "service_endpoint_policy_ids": null,
            "service_endpoints": null,
            "timeouts": null,
            "virtual_network_name": "myVnet"
          },
          "sensitive_attributes": [],
          "private": "eyJlMmJmYjczMC1lY2FhLTExZTYtOGY4OC0zNDM2M2JjN2M0YzAiOnsiY3JlYXRlIjoxODAwMDAwMDAwMDAwLCJkZWxldGUiOjE4MDAwMDAwMDAwMDAsInJlYWQiOjMwMDAwMDAwMDAwMCwidXBkYXRlIjoxODAwMDAwMDAwMDAwfX0=",
          "dependencies": [
            "azurerm_resource_group.rg",
            "azurerm_virtual_network.my_terraform_network",
            "random_pet.rg_name"
          ]
        }
      ]
    },
    {
      "mode": "managed",
      "type": "azurerm_virtual_network",
      "name": "my_terraform_network",
      "provider": "provider[\"registry.terraform.io/hashicorp/azurerm\"]",
      "instances": [
        {
          "schema_version": 0,
          "attributes": {
            "address_space": [
              "10.0.0.0/16"
            ],
            "bgp_community": "",
            "ddos_protection_plan": [],
            "dns_servers": [],
            "flow_timeout_in_minutes": 0,
            "guid": "deb6ed66-9f2e-4c50-aac6-7c99fe3ec028",
            "id": "/subscriptions/daf19874-6c30-440f-9cf1-34f56ec318be/resourceGroups/rg-fair-polecat/providers/Microsoft.Network/virtualNetworks/myVnet",
            "location": "westus",
            "name": "myVnet",
            "resource_group_name": "rg-fair-polecat",
            "subnet": [],
            "tags": null,
            "timeouts": null,
            "vm_protection_enabled": false
          },
          "sensitive_attributes": [],
          "private": "eyJlMmJmYjczMC1lY2FhLTExZTYtOGY4OC0zNDM2M2JjN2M0YzAiOnsiY3JlYXRlIjoxODAwMDAwMDAwMDAwLCJkZWxldGUiOjE4MDAwMDAwMDAwMDAsInJlYWQiOjMwMDAwMDAwMDAwMCwidXBkYXRlIjoxODAwMDAwMDAwMDAwfX0=",
          "dependencies": [
            "azurerm_resource_group.rg",
            "random_pet.rg_name"
          ]
        }
      ]
    },
    {
      "mode": "managed",
      "type": "random_id",
      "name": "random_id",
      "provider": "provider[\"registry.terraform.io/hashicorp/random\"]",
      "instances": [
        {
          "schema_version": 0,
          "attributes": {
            "b64_std": "Tk88yAwehfM=",
            "b64_url": "Tk88yAwehfM",
            "byte_length": 8,
            "dec": "5642795688012973555",
            "hex": "4e4f3cc80c1e85f3",
            "id": "Tk88yAwehfM",
            "keepers": {
              "resource_group": "rg-fair-polecat"
            },
            "prefix": null
          },
          "sensitive_attributes": [],
          "dependencies": [
            "azurerm_resource_group.rg",
            "random_pet.rg_name"
          ]
        }
      ]
    },
    {
      "mode": "managed",
      "type": "random_pet",
      "name": "rg_name",
      "provider": "provider[\"registry.terraform.io/hashicorp/random\"]",
      "instances": [
        {
          "schema_version": 0,
          "attributes": {
            "id": "rg-fair-polecat",
            "keepers": null,
            "length": 2,
            "prefix": "rg",
            "separator": "-"
          },
          "sensitive_attributes": []
        }
      ]
    },
    {
      "mode": "managed",
      "type": "random_pet",
      "name": "ssh_key_name",
      "provider": "provider[\"registry.terraform.io/hashicorp/random\"]",
      "instances": [
        {
          "schema_version": 0,
          "attributes": {
            "id": "sshgenerousdragon",
            "keepers": null,
            "length": 2,
            "prefix": "ssh",
            "separator": ""
          },
          "sensitive_attributes": []
        }
      ]
    }
  ],
  "check_results": null
}
